
Microsoft Visual Studio Solution File, Format Version 12.00
# Visual Studio Version 17
VisualStudioVersion = 17.3.32901.215
MinimumVisualStudioVersion = 10.0.40219.1
Project("{9A19103F-16F7-4668-BE54-9A1E7A4F7556}") = "SteerMyWheel", "SteerMyWheel\SteerMyWheel.csproj", "{D1A979FD-28F1-48CE-B382-EEECC71F4784}"
EndProject
Project("{9A19103F-16F7-4668-BE54-9A1E7A4F7556}") = "SteerMyWheelTest", "SteerMyWheelTest\SteerMyWheelTest.csproj", "{18C5E482-27BD-4F25-8ED2-57105F951480}"
EndProject
Global
	GlobalSection(SolutionConfigurationPlatforms) = preSolution
		Debug|Any CPU = Debug|Any CPU
		Release|Any CPU = Release|Any CPU
	EndGlobalSection
	GlobalSection(ProjectConfigurationPlatforms) = postSolution
		{D1A979FD-28F1-48CE-B382-EEECC71F4784}.Debug|Any CPU.ActiveCfg = Debug|Any CPU
		{D1A979FD-28F1-48CE-B382-EEECC71F4784}.Debug|Any CPU.Build.0 = Debug|Any CPU
		{D1A979FD-28F1-48CE-B382-EEECC71F4784}.Release|Any CPU.ActiveCfg = Release|Any CPU
		{D1A979FD-28F1-48CE-B382-EEECC71F4784}.Release|Any CPU.Build.0 = Release|Any CPU
		{18C5E482-27BD-4F25-8ED2-57105F951480}.Debug|Any CPU.ActiveCfg = Debug|Any CPU
		{18C5E482-27BD-4F25-8ED2-57105F951480}.Debug|Any CPU.Build.0 = Debug|Any CPU
		{18C5E482-27BD-4F25-8ED2-57105F951480}.Release|Any CPU.ActiveCfg = Release|Any CPU
		{18C5E482-27BD-4F25-8ED2-57105F951480}.Release|Any CPU.Build.0 = Release|Any CPU
	EndGlobalSection
	GlobalSection(SolutionProperties) = preSolution
		HideSolutionNode = FALSE
	EndGlobalSection
	GlobalSection(ExtensibilityGlobals) = postSolution
		SolutionGuid = {6A5255E0-28DB-4985-9DFA-EFFFB08C15C5}
	EndGlobalSection
EndGlobal
